{
  "name": "semverTest",
  "lockfileVersion": 3,
  "requires": true,
  "packages": {
    "": {
      "devDependencies": {
        "@ambimax/semantic-release-composer": "github:ambimax/semantic-release-composer#v1.0.2",
        "@iwavesmedia/semantic-release-composer": "^1.0.0"
      }
    },
    "node_modules/@ambimax/semantic-release-composer": {
      "version": "1.0.2",
      "resolved": "git+ssh://git@github.com/ambimax/semantic-release-composer.git#95c57c75ada8f948cba6a9c399b65e4072f73245",
      "dev": true,
      "license": "MIT",
      "dependencies": {
        "@semantic-release/error": "^2.2.0"
      }
    },
    "node_modules/@iwavesmedia/semantic-release-composer": {
      "version": "1.0.0",
      "resolved": "https://registry.npmjs.org/@iwavesmedia/semantic-release-composer/-/semantic-release-composer-1.0.0.tgz",
      "integrity": "sha512-DXT1ghphZrfsRvdnNkwRadEbXHxkBwEWhJLlIhEnAlJl61kg1PJB7p0hok48wNVe86glUbElABziWC8YUcvzyw==",
      "dev": true,
      "dependencies": {
        "@semantic-release/error": "^2.2.0"
      }
    },
    "node_modules/@semantic-release/error": {
      "version": "2.2.0",
      "resolved": "https://registry.npmjs.org/@semantic-release/error/-/error-2.2.0.tgz",
      "integrity": "sha512-9Tj/qn+y2j+sjCI3Jd+qseGtHjOAeg7dU2/lVcqIQ9TV3QDaDXDYXcoOHU+7o2Hwh8L8ymL4gfuO7KxDs3q2zg==",
      "dev": true
    }
  }
}
